PODS:
  - PKHUD (5.3.0)
  - SDWebImage (5.2.3):
    - SDWebImage/Core (= 5.2.3)
  - SDWebImage/Core (5.2.3)

DEPENDENCIES:
  - PKHUD (~> 5.0)
  - SDWebImage (~> 5.0)

SPEC REPOS:
  trunk:
    - PKHUD
    - SDWebImage

SPEC CHECKSUMS:
  PKHUD: 98f3e4bc904b9c916f1c5bb6d765365b5357291b
  SDWebImage: 46a7f73228f84ce80990c786e4372cf4db5875ce

PODFILE CHECKSUM: c84f610901bab6a2a6f16c5fb546a70236a141dc

COCOAPODS: 1.8.4
